{
  "name": "lib_using",
  "version": "1.0.0",
  "lockfileVersion": 3,
  "requires": true,
  "packages": {
    "": {
      "name": "lib_using",
      "version": "1.0.0",
      "license": "ISC",
      "dependencies": {
        "@leontevvs/platforms_library": "^1.0.0"
      }
    },
    "node_modules/@leontevvs/platforms_library": {
      "version": "1.0.0",
      "resolved": "https://npm.pkg.github.com/download/@leontevvs/platforms_library/1.0.0/449de16da83e27e7c66c63e9022aba5f19b5a956",
      "integrity": "sha512-Au4qmI2YXst7kHl1HRDEPKsUi5sKvcnmKX4YcKfIBVE4MMio+LWM0++xJJbj+aO4aqtYYgKMfsAiTpACDdtpOg==",
      "license": "ISC"
    }
  }
}
